
Microsoft Visual Studio Solution File, Format Version 12.00
# Visual Studio Version 16
VisualStudioVersion = 16.0.28711.60
MinimumVisualStudioVersion = 10.0.40219.1
Project("{9092AA53-FB77-4645-B42D-1CCCA6BD08BD}") = "Cryptoping-node-datastore", "Cryptoping-node-datastore.njsproj", "{C7DFD48B-5F71-4A91-B467-5523FCDE733E}"
EndProject
Global
	GlobalSection(SolutionConfigurationPlatforms) = preSolution
		Debug|Any CPU = Debug|Any CPU
		Release|Any CPU = Release|Any CPU
	EndGlobalSection
	GlobalSection(ProjectConfigurationPlatforms) = postSolution
		{C7DFD48B-5F71-4A91-B467-5523FCDE733E}.Debug|Any CPU.ActiveCfg = Debug|Any CPU
		{C7DFD48B-5F71-4A91-B467-5523FCDE733E}.Debug|Any CPU.Build.0 = Debug|Any CPU
		{C7DFD48B-5F71-4A91-B467-5523FCDE733E}.Release|Any CPU.ActiveCfg = Release|Any CPU
		{C7DFD48B-5F71-4A91-B467-5523FCDE733E}.Release|Any CPU.Build.0 = Release|Any CPU
	EndGlobalSection
	GlobalSection(SolutionProperties) = preSolution
		HideSolutionNode = FALSE
	EndGlobalSection
	GlobalSection(ExtensibilityGlobals) = postSolution
		SolutionGuid = {3764D35B-02F5-4816-B419-CA9A4BCD212B}
	EndGlobalSection
EndGlobal
